
Microsoft Visual Studio Solution File, Format Version 12.00
# Visual Studio Version 16
VisualStudioVersion = 16.0.29424.173
MinimumVisualStudioVersion = 10.0.40219.1
Project("{FAE04EC0-301F-11D3-BF4B-00C04F79EFBC}") = "sunrise-sunset", "sunrise-sunset\sunrise-sunset.csproj", "{A07AC85B-9AAE-4D21-B907-A82668B89C73}"
EndProject
Global
	GlobalSection(SolutionConfigurationPlatforms) = preSolution
		Debug|Any CPU = Debug|Any CPU
		Release|Any CPU = Release|Any CPU
	EndGlobalSection
	GlobalSection(ProjectConfigurationPlatforms) = postSolution
		{A07AC85B-9AAE-4D21-B907-A82668B89C73}.Debug|Any CPU.ActiveCfg = Debug|Any CPU
		{A07AC85B-9AAE-4D21-B907-A82668B89C73}.Debug|Any CPU.Build.0 = Debug|Any CPU
		{A07AC85B-9AAE-4D21-B907-A82668B89C73}.Release|Any CPU.ActiveCfg = Release|Any CPU
		{A07AC85B-9AAE-4D21-B907-A82668B89C73}.Release|Any CPU.Build.0 = Release|Any CPU
	EndGlobalSection
	GlobalSection(SolutionProperties) = preSolution
		HideSolutionNode = FALSE
	EndGlobalSection
	GlobalSection(ExtensibilityGlobals) = postSolution
		SolutionGuid = {DB65B2E9-79FE-442C-834C-8D5DBC5D1292}
	EndGlobalSection
EndGlobal
